
Microsoft Visual Studio Solution File, Format Version 12.00
# Visual Studio 2012
Project("{8BC9CEB8-8B4A-11D0-8D11-00A0C91BC942}") = "PolishCalc", "PolishCalc\PolishCalc.vcxproj", "{EE04C463-C6FF-4F5B-BABF-B663A83B4333}"
EndProject
Project("{8BC9CEB8-8B4A-11D0-8D11-00A0C91BC942}") = "Attaching_gtests", "Attaching_gtests\Attaching_gtests.vcxproj", "{53534034-922E-463E-A42A-249BEF28CE84}"
EndProject
Project("{8BC9CEB8-8B4A-11D0-8D11-00A0C91BC942}") = "Tests", "Tests\Tests.vcxproj", "{3019BB60-29F6-4F3B-8DFE-B7D34716FF36}"
EndProject
Global
	GlobalSection(SolutionConfigurationPlatforms) = preSolution
		Debug|Win32 = Debug|Win32
		Release|Win32 = Release|Win32
	EndGlobalSection
	GlobalSection(ProjectConfigurationPlatforms) = postSolution
		{EE04C463-C6FF-4F5B-BABF-B663A83B4333}.Debug|Win32.ActiveCfg = Debug|Win32
		{EE04C463-C6FF-4F5B-BABF-B663A83B4333}.Debug|Win32.Build.0 = Debug|Win32
		{EE04C463-C6FF-4F5B-BABF-B663A83B4333}.Release|Win32.ActiveCfg = Release|Win32
		{EE04C463-C6FF-4F5B-BABF-B663A83B4333}.Release|Win32.Build.0 = Release|Win32
		{53534034-922E-463E-A42A-249BEF28CE84}.Debug|Win32.ActiveCfg = Debug|Win32
		{53534034-922E-463E-A42A-249BEF28CE84}.Debug|Win32.Build.0 = Debug|Win32
		{53534034-922E-463E-A42A-249BEF28CE84}.Release|Win32.ActiveCfg = Release|Win32
		{53534034-922E-463E-A42A-249BEF28CE84}.Release|Win32.Build.0 = Release|Win32
		{3019BB60-29F6-4F3B-8DFE-B7D34716FF36}.Debug|Win32.ActiveCfg = Debug|Win32
		{3019BB60-29F6-4F3B-8DFE-B7D34716FF36}.Debug|Win32.Build.0 = Debug|Win32
		{3019BB60-29F6-4F3B-8DFE-B7D34716FF36}.Release|Win32.ActiveCfg = Release|Win32
		{3019BB60-29F6-4F3B-8DFE-B7D34716FF36}.Release|Win32.Build.0 = Release|Win32
	EndGlobalSection
	GlobalSection(SolutionProperties) = preSolution
		HideSolutionNode = FALSE
	EndGlobalSection
EndGlobal
